
Microsoft Visual Studio Solution File, Format Version 12.00
# Visual Studio Version 17
VisualStudioVersion = 17.8.34330.188
MinimumVisualStudioVersion = 10.0.40219.1
Project("{FAE04EC0-301F-11D3-BF4B-00C04F79EFBC}") = "OopsAdvancedDemo", "OopsAdvancedDemo\OopsAdvancedDemo.csproj", "{F18B5631-1E25-456E-82EE-9671849B68CA}"
EndProject
Global
	GlobalSection(SolutionConfigurationPlatforms) = preSolution
		Debug|Any CPU = Debug|Any CPU
		Release|Any CPU = Release|Any CPU
	EndGlobalSection
	GlobalSection(ProjectConfigurationPlatforms) = postSolution
		{F18B5631-1E25-456E-82EE-9671849B68CA}.Debug|Any CPU.ActiveCfg = Debug|Any CPU
		{F18B5631-1E25-456E-82EE-9671849B68CA}.Debug|Any CPU.Build.0 = Debug|Any CPU
		{F18B5631-1E25-456E-82EE-9671849B68CA}.Release|Any CPU.ActiveCfg = Release|Any CPU
		{F18B5631-1E25-456E-82EE-9671849B68CA}.Release|Any CPU.Build.0 = Release|Any CPU
	EndGlobalSection
	GlobalSection(SolutionProperties) = preSolution
		HideSolutionNode = FALSE
	EndGlobalSection
	GlobalSection(ExtensibilityGlobals) = postSolution
		SolutionGuid = {A3EFFA3B-49BA-45F3-829D-96DF6D59590D}
	EndGlobalSection
EndGlobal
