
Microsoft Visual Studio Solution File, Format Version 12.00
# Visual Studio Version 17
VisualStudioVersion = 17.8.34330.188
MinimumVisualStudioVersion = 10.0.40219.1
Project("{FAE04EC0-301F-11D3-BF4B-00C04F79EFBC}") = "ConsoleApp1", "ConsoleApp1\ConsoleApp1.csproj", "{F10FADB7-5C63-467B-90E4-ACEF5E61745D}"
EndProject
Global
	GlobalSection(SolutionConfigurationPlatforms) = preSolution
		Debug|Any CPU = Debug|Any CPU
		Release|Any CPU = Release|Any CPU
	EndGlobalSection
	GlobalSection(ProjectConfigurationPlatforms) = postSolution
		{F10FADB7-5C63-467B-90E4-ACEF5E61745D}.Debug|Any CPU.ActiveCfg = Debug|Any CPU
		{F10FADB7-5C63-467B-90E4-ACEF5E61745D}.Debug|Any CPU.Build.0 = Debug|Any CPU
		{F10FADB7-5C63-467B-90E4-ACEF5E61745D}.Release|Any CPU.ActiveCfg = Release|Any CPU
		{F10FADB7-5C63-467B-90E4-ACEF5E61745D}.Release|Any CPU.Build.0 = Release|Any CPU
	EndGlobalSection
	GlobalSection(SolutionProperties) = preSolution
		HideSolutionNode = FALSE
	EndGlobalSection
	GlobalSection(ExtensibilityGlobals) = postSolution
		SolutionGuid = {D84C2453-85AB-410D-8DA5-67E2982E5B55}
	EndGlobalSection
EndGlobal
